
Microsoft Visual Studio Solution File, Format Version 12.00
# Visual Studio 15
VisualStudioVersion = 15.0.28307.136
MinimumVisualStudioVersion = 10.0.40219.1
Project("{FAE04EC0-301F-11D3-BF4B-00C04F79EFBC}") = "SúlyozottAtlag2", "SúlyozottAtlag2\SúlyozottAtlag2.csproj", "{A511CA54-7647-41E5-A5BF-AE8D286EF63B}"
EndProject
Global
	GlobalSection(SolutionConfigurationPlatforms) = preSolution
		Debug|Any CPU = Debug|Any CPU
		Release|Any CPU = Release|Any CPU
	EndGlobalSection
	GlobalSection(ProjectConfigurationPlatforms) = postSolution
		{A511CA54-7647-41E5-A5BF-AE8D286EF63B}.Debug|Any CPU.ActiveCfg = Debug|Any CPU
		{A511CA54-7647-41E5-A5BF-AE8D286EF63B}.Debug|Any CPU.Build.0 = Debug|Any CPU
		{A511CA54-7647-41E5-A5BF-AE8D286EF63B}.Release|Any CPU.ActiveCfg = Release|Any CPU
		{A511CA54-7647-41E5-A5BF-AE8D286EF63B}.Release|Any CPU.Build.0 = Release|Any CPU
	EndGlobalSection
	GlobalSection(SolutionProperties) = preSolution
		HideSolutionNode = FALSE
	EndGlobalSection
	GlobalSection(ExtensibilityGlobals) = postSolution
		SolutionGuid = {3F2E86B2-708D-4869-BFA3-9444A65A2469}
	EndGlobalSection
EndGlobal
